
Microsoft Visual Studio Solution File, Format Version 12.00
# Visual Studio Version 17
VisualStudioVersion = 17.7.34221.43
MinimumVisualStudioVersion = 10.0.40219.1
Project("{FAE04EC0-301F-11D3-BF4B-00C04F79EFBC}") = "dbinarne2", "dbinarne2\dbinarne2.csproj", "{AE3316D6-2D4B-4091-B542-933E4081CE3D}"
EndProject
Global
	GlobalSection(SolutionConfigurationPlatforms) = preSolution
		Debug|Any CPU = Debug|Any CPU
		Release|Any CPU = Release|Any CPU
	EndGlobalSection
	GlobalSection(ProjectConfigurationPlatforms) = postSolution
		{AE3316D6-2D4B-4091-B542-933E4081CE3D}.Debug|Any CPU.ActiveCfg = Debug|Any CPU
		{AE3316D6-2D4B-4091-B542-933E4081CE3D}.Debug|Any CPU.Build.0 = Debug|Any CPU
		{AE3316D6-2D4B-4091-B542-933E4081CE3D}.Release|Any CPU.ActiveCfg = Release|Any CPU
		{AE3316D6-2D4B-4091-B542-933E4081CE3D}.Release|Any CPU.Build.0 = Release|Any CPU
	EndGlobalSection
	GlobalSection(SolutionProperties) = preSolution
		HideSolutionNode = FALSE
	EndGlobalSection
	GlobalSection(ExtensibilityGlobals) = postSolution
		SolutionGuid = {5077010D-8E75-43CE-BF26-C601258CC979}
	EndGlobalSection
EndGlobal
